PODS:
  - Alamofire (3.4.1)
  - GoogleMaps (1.13.2)
  - SwiftyJSON (2.3.2)

DEPENDENCIES:
  - Alamofire (~> 3.4)
  - GoogleMaps
  - SwiftyJSON

SPEC CHECKSUMS:
  Alamofire: 01a82e2f6c0f860ade35534c8dd88be61bdef40c
  GoogleMaps: b20a103ff307f58392e603cf142e59d7e30374c1
  SwiftyJSON: 04ccea08915aa0109039157c7974cf0298da292a

PODFILE CHECKSUM: c1690fccc3a778f2eca85aa4d03c9d9caf2213d1

COCOAPODS: 1.0.1
